
Microsoft Visual Studio Solution File, Format Version 12.00
# Visual Studio Version 17
VisualStudioVersion = 17.3.32825.248
MinimumVisualStudioVersion = 10.0.40219.1
Project("{9A19103F-16F7-4668-BE54-9A1E7A4F7556}") = "AgendeMeWeb", "AgendeMeWeb\AgendeMeWeb.csproj", "{911699DB-AFE0-472B-8738-A19A973665F1}"
EndProject
Project("{9A19103F-16F7-4668-BE54-9A1E7A4F7556}") = "Core", "Core\Core.csproj", "{ADB93DEB-99AA-438D-B9B4-1727AE6D4EFE}"
EndProject
Project("{9A19103F-16F7-4668-BE54-9A1E7A4F7556}") = "Service", "Service\Service.csproj", "{3EA52D0F-91B3-40C9-A9BE-442AB589E1A1}"
EndProject
Project("{9A19103F-16F7-4668-BE54-9A1E7A4F7556}") = "Util", "Util\Util.csproj", "{1014C485-C6B4-491F-8469-B1E15650171D}"
EndProject
Project("{9A19103F-16F7-4668-BE54-9A1E7A4F7556}") = "AgendeMeWebTests", "AgendeMeWebTests\AgendeMeWebTests.csproj", "{03DEC195-36B1-4218-A73D-BF1240A2FB7F}"
EndProject
Project("{9A19103F-16F7-4668-BE54-9A1E7A4F7556}") = "ServiceTests", "ServiceTests\ServiceTests.csproj", "{1BB03D67-8DD4-4B2E-9C14-CC5BE9E188F7}"
EndProject
Global
	GlobalSection(SolutionConfigurationPlatforms) = preSolution
		Debug|Any CPU = Debug|Any CPU
		Release|Any CPU = Release|Any CPU
	EndGlobalSection
	GlobalSection(ProjectConfigurationPlatforms) = postSolution
		{911699DB-AFE0-472B-8738-A19A973665F1}.Debug|Any CPU.ActiveCfg = Debug|Any CPU
		{911699DB-AFE0-472B-8738-A19A973665F1}.Debug|Any CPU.Build.0 = Debug|Any CPU
		{911699DB-AFE0-472B-8738-A19A973665F1}.Release|Any CPU.ActiveCfg = Release|Any CPU
		{911699DB-AFE0-472B-8738-A19A973665F1}.Release|Any CPU.Build.0 = Release|Any CPU
		{ADB93DEB-99AA-438D-B9B4-1727AE6D4EFE}.Debug|Any CPU.ActiveCfg = Debug|Any CPU
		{ADB93DEB-99AA-438D-B9B4-1727AE6D4EFE}.Debug|Any CPU.Build.0 = Debug|Any CPU
		{ADB93DEB-99AA-438D-B9B4-1727AE6D4EFE}.Release|Any CPU.ActiveCfg = Release|Any CPU
		{ADB93DEB-99AA-438D-B9B4-1727AE6D4EFE}.Release|Any CPU.Build.0 = Release|Any CPU
		{3EA52D0F-91B3-40C9-A9BE-442AB589E1A1}.Debug|Any CPU.ActiveCfg = Debug|Any CPU
		{3EA52D0F-91B3-40C9-A9BE-442AB589E1A1}.Debug|Any CPU.Build.0 = Debug|Any CPU
		{3EA52D0F-91B3-40C9-A9BE-442AB589E1A1}.Release|Any CPU.ActiveCfg = Release|Any CPU
		{3EA52D0F-91B3-40C9-A9BE-442AB589E1A1}.Release|Any CPU.Build.0 = Release|Any CPU
		{1014C485-C6B4-491F-8469-B1E15650171D}.Debug|Any CPU.ActiveCfg = Debug|Any CPU
		{1014C485-C6B4-491F-8469-B1E15650171D}.Debug|Any CPU.Build.0 = Debug|Any CPU
		{1014C485-C6B4-491F-8469-B1E15650171D}.Release|Any CPU.ActiveCfg = Release|Any CPU
		{1014C485-C6B4-491F-8469-B1E15650171D}.Release|Any CPU.Build.0 = Release|Any CPU
		{03DEC195-36B1-4218-A73D-BF1240A2FB7F}.Debug|Any CPU.ActiveCfg = Debug|Any CPU
		{03DEC195-36B1-4218-A73D-BF1240A2FB7F}.Debug|Any CPU.Build.0 = Debug|Any CPU
		{03DEC195-36B1-4218-A73D-BF1240A2FB7F}.Release|Any CPU.ActiveCfg = Release|Any CPU
		{03DEC195-36B1-4218-A73D-BF1240A2FB7F}.Release|Any CPU.Build.0 = Release|Any CPU
		{1BB03D67-8DD4-4B2E-9C14-CC5BE9E188F7}.Debug|Any CPU.ActiveCfg = Debug|Any CPU
		{1BB03D67-8DD4-4B2E-9C14-CC5BE9E188F7}.Debug|Any CPU.Build.0 = Debug|Any CPU
		{1BB03D67-8DD4-4B2E-9C14-CC5BE9E188F7}.Release|Any CPU.ActiveCfg = Release|Any CPU
		{1BB03D67-8DD4-4B2E-9C14-CC5BE9E188F7}.Release|Any CPU.Build.0 = Release|Any CPU
	EndGlobalSection
	GlobalSection(SolutionProperties) = preSolution
		HideSolutionNode = FALSE
	EndGlobalSection
	GlobalSection(ExtensibilityGlobals) = postSolution
		SolutionGuid = {164C7A62-FC30-4630-AE1A-801A1E493F14}
	EndGlobalSection
EndGlobal
